<?xml version="1.0" encoding="utf-8"?>
<Project ToolsVersion="4.0" xmlns="http://schemas.microsoft.com/developer/msbuild/2003">
  <ItemGroup>
    <Filter Include="src">
      <UniqueIdentifier>{4FC737F1-C7A5-4376-A066-2A32D752A2FF}</UniqueIdentifier>
      <Extensions>h;hh;hpp;hxx;hm;inl;inc;xsd;cpp;c;cc;cxx;def;odl;idl;hpj;bat;asm;asmx</Extensions>
    </Filter>
    <Filter Include="src\TwoEndpoint">
      <UniqueIdentifier>{f784530f-e609-4bfa-86d6-80299d83187a}</UniqueIdentifier>
    </Filter>
    <Filter Include="src\support">
      <UniqueIdentifier>{3d15b143-52f8-437c-9486-08ddeb33bdf2}</UniqueIdentifier>
    </Filter>
  </ItemGroup>
  <ItemGroup>
    <ClInclude Include="..\..\..\src\MagicBlockGame\Color.h">
      <Filter>src</Filter>
    </ClInclude>
    <ClInclude Include="..\..\..\src\MagicBlockGame\SlidingPuzzle.h">
      <Filter>src</Filter>
    </ClInclude>
    <ClInclude Include="..\..\..\src\MagicBlockGame\Move.h">
      <Filter>src</Filter>
    </ClInclude>
    <ClInclude Include="..\..\..\src\MagicBlockGame\BitSet.h">
      <Filter>src</Filter>
    </ClInclude>
    <ClInclude Include="..\..\..\src\MagicBlockGame\Board.h">
      <Filter>src</Filter>
    </ClInclude>
    <ClInclude Include="..\..\..\src\MagicBlockGame\CPUWarmUp.h">
      <Filter>src</Filter>
    </ClInclude>
    <ClInclude Include="..\..\..\src\MagicBlockGame\StopWatch.h">
      <Filter>src</Filter>
    </ClInclude>
    <ClInclude Include="..\..\..\src\MagicBlockGame\BitUtils.h">
      <Filter>src</Filter>
    </ClInclude>
    <ClInclude Include="..\..\..\src\MagicBlockGame\SharedData.h">
      <Filter>src</Filter>
    </ClInclude>
    <ClInclude Include="..\..\..\src\MagicBlockGame\Stage.h">
      <Filter>src</Filter>
    </ClInclude>
    <ClInclude Include="..\..\..\src\MagicBlockGame\ErrorCode.h">
      <Filter>src</Filter>
    </ClInclude>
    <ClInclude Include="..\..\..\src\MagicBlockGame\Constant.h">
      <Filter>src</Filter>
    </ClInclude>
    <ClInclude Include="..\..\..\src\MagicBlockGame\SparseTrieBitmap.h">
      <Filter>src</Filter>
    </ClInclude>
    <ClInclude Include="..\..\..\src\MagicBlockGame\Value128.h">
      <Filter>src</Filter>
    </ClInclude>
    <ClInclude Include="..\..\..\src\MagicBlockGame\support\CT_PowerOf2.h">
      <Filter>src\support</Filter>
    </ClInclude>
    <ClInclude Include="..\..\..\src\MagicBlockGame\support\RT_PowerOf2.h">
      <Filter>src\support</Filter>
    </ClInclude>
    <ClInclude Include="..\..\..\src\MagicBlockGame\SparseBitset.h">
      <Filter>src</Filter>
    </ClInclude>
    <ClInclude Include="..\..\..\src\MagicBlockGame\SparseBitsetPool.h">
      <Filter>src</Filter>
    </ClInclude>
    <ClInclude Include="..\..\..\src\MagicBlockGame\Game.h">
      <Filter>src</Filter>
    </ClInclude>
    <ClInclude Include="..\..\..\src\MagicBlockGame\Solver.h">
      <Filter>src</Filter>
    </ClInclude>
    <ClInclude Include="..\..\..\src\MagicBlockGame\jm_malloc.h">
      <Filter>src</Filter>
    </ClInclude>
    <ClInclude Include="..\..\..\src\MagicBlockGame\SparseBitsetUtils.h">
      <Filter>src</Filter>
    </ClInclude>
  </ItemGroup>
  <ItemGroup>
    <ClCompile Include="..\..\..\src\MagicBlockGame\main.cpp">
      <Filter>src</Filter>
    </ClCompile>
  </ItemGroup>
</Project>