<?xml version="1.0" encoding="utf-8"?>
<Project ToolsVersion="4.0" xmlns="http://schemas.microsoft.com/developer/msbuild/2003">
  <ItemGroup>
    <Filter Include="src">
      <UniqueIdentifier>{4FC737F1-C7A5-4376-A066-2A32D752A2FF}</UniqueIdentifier>
      <Extensions>h;hh;hpp;hxx;hm;inl;inc;xsd;cpp;c;cc;cxx;def;odl;idl;hpj;bat;asm;asmx</Extensions>
    </Filter>
    <Filter Include="src\TwoEndpoint">
      <UniqueIdentifier>{f784530f-e609-4bfa-86d6-80299d83187a}</UniqueIdentifier>
    </Filter>
    <Filter Include="src\support">
      <UniqueIdentifier>{3d15b143-52f8-437c-9486-08ddeb33bdf2}</UniqueIdentifier>
    </Filter>
    <Filter Include="src\internal">
      <UniqueIdentifier>{767cb640-5a1a-424a-be4d-d50d7a02bf44}</UniqueIdentifier>
    </Filter>
    <Filter Include="src\TwoPhase_v1">
      <UniqueIdentifier>{7f71a537-9b49-4ef1-bff5-a4603fcbbf0d}</UniqueIdentifier>
    </Filter>
    <Filter Include="src\TwoPhase_v2">
      <UniqueIdentifier>{28337b17-e245-406c-901e-9d7db178f621}</UniqueIdentifier>
    </Filter>
    <Filter Include="src\SlidingPuzzle">
      <UniqueIdentifier>{aa2948dc-0d3a-4777-970e-dc29fc6d9001}</UniqueIdentifier>
    </Filter>
  </ItemGroup>
  <ItemGroup>
    <ClInclude Include="..\..\..\src\MagicBlock\AI\Color.h">
      <Filter>src</Filter>
    </ClInclude>
    <ClInclude Include="..\..\..\src\MagicBlock\AI\Move.h">
      <Filter>src</Filter>
    </ClInclude>
    <ClInclude Include="..\..\..\src\MagicBlock\AI\BitSet.h">
      <Filter>src</Filter>
    </ClInclude>
    <ClInclude Include="..\..\..\src\MagicBlock\AI\Board.h">
      <Filter>src</Filter>
    </ClInclude>
    <ClInclude Include="..\..\..\src\MagicBlock\AI\CPUWarmUp.h">
      <Filter>src</Filter>
    </ClInclude>
    <ClInclude Include="..\..\..\src\MagicBlock\AI\StopWatch.h">
      <Filter>src</Filter>
    </ClInclude>
    <ClInclude Include="..\..\..\src\MagicBlock\AI\BitUtils.h">
      <Filter>src</Filter>
    </ClInclude>
    <ClInclude Include="..\..\..\src\MagicBlock\AI\SharedData.h">
      <Filter>src</Filter>
    </ClInclude>
    <ClInclude Include="..\..\..\src\MagicBlock\AI\Stage.h">
      <Filter>src</Filter>
    </ClInclude>
    <ClInclude Include="..\..\..\src\MagicBlock\AI\ErrorCode.h">
      <Filter>src</Filter>
    </ClInclude>
    <ClInclude Include="..\..\..\src\MagicBlock\AI\Constant.h">
      <Filter>src</Filter>
    </ClInclude>
    <ClInclude Include="..\..\..\src\MagicBlock\AI\Value128.h">
      <Filter>src</Filter>
    </ClInclude>
    <ClInclude Include="..\..\..\src\MagicBlock\AI\support\CT_PowerOf2.h">
      <Filter>src\support</Filter>
    </ClInclude>
    <ClInclude Include="..\..\..\src\MagicBlock\AI\support\RT_PowerOf2.h">
      <Filter>src\support</Filter>
    </ClInclude>
    <ClInclude Include="..\..\..\src\MagicBlock\AI\SparseBitset.h">
      <Filter>src</Filter>
    </ClInclude>
    <ClInclude Include="..\..\..\src\MagicBlock\AI\jm_malloc.h">
      <Filter>src</Filter>
    </ClInclude>
    <ClInclude Include="..\..\..\src\MagicBlock\AI\Algorithm.h">
      <Filter>src</Filter>
    </ClInclude>
    <ClInclude Include="..\..\..\src\MagicBlock\AI\UnitTest.h">
      <Filter>src</Filter>
    </ClInclude>
    <ClInclude Include="..\..\..\src\MagicBlock\AI\TwoPhase_v1\Game.h">
      <Filter>src\TwoPhase_v1</Filter>
    </ClInclude>
    <ClInclude Include="..\..\..\src\MagicBlock\AI\TwoPhase_v1\Solver.h">
      <Filter>src\TwoPhase_v1</Filter>
    </ClInclude>
    <ClInclude Include="..\..\..\src\MagicBlock\AI\Utils.h">
      <Filter>src</Filter>
    </ClInclude>
    <ClInclude Include="..\..\..\src\MagicBlock\AI\TwoEndpoint\Game.h">
      <Filter>src\TwoEndpoint</Filter>
    </ClInclude>
    <ClInclude Include="..\..\..\src\MagicBlock\AI\internal\BaseSolver.h">
      <Filter>src\internal</Filter>
    </ClInclude>
    <ClInclude Include="..\..\..\src\MagicBlock\AI\internal\BaseGame.h">
      <Filter>src\internal</Filter>
    </ClInclude>
    <ClInclude Include="..\..\..\src\MagicBlock\AI\TwoPhase_v2\Game.h">
      <Filter>src\TwoPhase_v2</Filter>
    </ClInclude>
    <ClInclude Include="..\..\..\src\MagicBlock\AI\TwoPhase_v2\Solver.h">
      <Filter>src\TwoPhase_v2</Filter>
    </ClInclude>
    <ClInclude Include="..\..\..\src\MagicBlock\AI\TwoEndpoint\ForwardSolver.h">
      <Filter>src\TwoEndpoint</Filter>
    </ClInclude>
    <ClInclude Include="..\..\..\src\MagicBlock\AI\TwoEndpoint\BackwardSolver.h">
      <Filter>src\TwoEndpoint</Filter>
    </ClInclude>
    <ClInclude Include="..\..\..\src\MagicBlock\AI\TwoEndpoint\BaseBWSolver.h">
      <Filter>src\TwoEndpoint</Filter>
    </ClInclude>
    <ClInclude Include="..\..\..\src\MagicBlock\AI\Console.h">
      <Filter>src</Filter>
    </ClInclude>
    <ClInclude Include="..\..\..\src\MagicBlock\AI\get_char.h">
      <Filter>src</Filter>
    </ClInclude>
    <ClInclude Include="..\..\..\src\MagicBlock\AI\SlidingPuzzle\SlidingColorPuzzle.h">
      <Filter>src\SlidingPuzzle</Filter>
    </ClInclude>
    <ClInclude Include="..\..\..\src\MagicBlock\AI\SlidingPuzzle\SlidingPuzzle.h">
      <Filter>src\SlidingPuzzle</Filter>
    </ClInclude>
    <ClInclude Include="..\..\..\src\MagicBlock\AI\SlidingPuzzle\SlidingUnknownPuzzle.h">
      <Filter>src\SlidingPuzzle</Filter>
    </ClInclude>
    <ClInclude Include="..\..\..\src\MagicBlock\AI\SlidingPuzzle\SlidingUnknownPuzzle3x3.h">
      <Filter>src\SlidingPuzzle</Filter>
    </ClInclude>
    <ClInclude Include="..\..\..\src\MagicBlock\AI\Answer.h">
      <Filter>src</Filter>
    </ClInclude>
    <ClInclude Include="..\..\..\src\MagicBlock\AI\Number.h">
      <Filter>src</Filter>
    </ClInclude>
  </ItemGroup>
  <ItemGroup>
    <ClCompile Include="..\..\..\src\MagicBlock\AI\UnitTest.cpp">
      <Filter>src</Filter>
    </ClCompile>
    <ClCompile Include="..\..\..\src\MagicBlock\AI\Main.cpp">
      <Filter>src</Filter>
    </ClCompile>
    <ClCompile Include="..\..\..\src\MagicBlock\AI\get_char.c">
      <Filter>src</Filter>
    </ClCompile>
  </ItemGroup>
</Project>